
Microsoft Visual Studio Solution File, Format Version 12.00
# Visual Studio Version 17
VisualStudioVersion = 17.10.35027.167
MinimumVisualStudioVersion = 10.0.40219.1
Project("{FAE04EC0-301F-11D3-BF4B-00C04F79EFBC}") = "CinemaApp", "CinemaApp\CinemaApp.csproj", "{7330EBF6-86C0-4FE5-BD6B-56BF5205899B}"
EndProject
Global
	GlobalSection(SolutionConfigurationPlatforms) = preSolution
		Debug|Any CPU = Debug|Any CPU
		Release|Any CPU = Release|Any CPU
	EndGlobalSection
	GlobalSection(ProjectConfigurationPlatforms) = postSolution
		{7330EBF6-86C0-4FE5-BD6B-56BF5205899B}.Debug|Any CPU.ActiveCfg = Debug|Any CPU
		{7330EBF6-86C0-4FE5-BD6B-56BF5205899B}.Debug|Any CPU.Build.0 = Debug|Any CPU
		{7330EBF6-86C0-4FE5-BD6B-56BF5205899B}.Release|Any CPU.ActiveCfg = Release|Any CPU
		{7330EBF6-86C0-4FE5-BD6B-56BF5205899B}.Release|Any CPU.Build.0 = Release|Any CPU
	EndGlobalSection
	GlobalSection(SolutionProperties) = preSolution
		HideSolutionNode = FALSE
	EndGlobalSection
	GlobalSection(ExtensibilityGlobals) = postSolution
		SolutionGuid = {EFEFF5BF-C481-498F-8FC5-2B7E9A2969C2}
	EndGlobalSection
EndGlobal
